
Microsoft Visual Studio Solution File, Format Version 12.00
# Visual Studio Version 16
VisualStudioVersion = 16.0.31205.134
MinimumVisualStudioVersion = 10.0.40219.1
Project("{FAE04EC0-301F-11D3-BF4B-00C04F79EFBC}") = "Loop_counting_Challenge", "Loop_counting_Challenge\Loop_counting_Challenge.csproj", "{2F76674E-D666-4EC8-A85B-61B3329A0863}"
EndProject
Global
	GlobalSection(SolutionConfigurationPlatforms) = preSolution
		Debug|Any CPU = Debug|Any CPU
		Release|Any CPU = Release|Any CPU
	EndGlobalSection
	GlobalSection(ProjectConfigurationPlatforms) = postSolution
		{2F76674E-D666-4EC8-A85B-61B3329A0863}.Debug|Any CPU.ActiveCfg = Debug|Any CPU
		{2F76674E-D666-4EC8-A85B-61B3329A0863}.Debug|Any CPU.Build.0 = Debug|Any CPU
		{2F76674E-D666-4EC8-A85B-61B3329A0863}.Release|Any CPU.ActiveCfg = Release|Any CPU
		{2F76674E-D666-4EC8-A85B-61B3329A0863}.Release|Any CPU.Build.0 = Release|Any CPU
	EndGlobalSection
	GlobalSection(SolutionProperties) = preSolution
		HideSolutionNode = FALSE
	EndGlobalSection
	GlobalSection(ExtensibilityGlobals) = postSolution
		SolutionGuid = {6F7FE241-9B64-4644-B6E2-330C55C374D1}
	EndGlobalSection
EndGlobal
